
Microsoft Visual Studio Solution File, Format Version 12.00
# Visual Studio Version 16
VisualStudioVersion = 16.0.29324.140
MinimumVisualStudioVersion = 10.0.40219.1
Project("{FAE04EC0-301F-11D3-BF4B-00C04F79EFBC}") = "SCHOOL.DESKTOP", "SCHOOL.DESKTOP\SCHOOL.DESKTOP.csproj", "{744E446D-E667-43A4-BF47-D1C61E1D06A7}"
EndProject
Project("{2150E333-8FDC-42A3-9474-1A3956D46DE8}") = "APP", "APP", "{16B70F0E-3C84-4114-ADD3-588BBF761623}"
EndProject
Project("{2150E333-8FDC-42A3-9474-1A3956D46DE8}") = "SERVICES", "SERVICES", "{F6C4420B-0196-42FC-82EC-F24E69AAB0D4}"
EndProject
Project("{2150E333-8FDC-42A3-9474-1A3956D46DE8}") = "DATA", "DATA", "{D51251A7-5B4D-4E02-BC5B-0BD2FAED71F4}"
EndProject
Project("{2150E333-8FDC-42A3-9474-1A3956D46DE8}") = "COMMON", "COMMON", "{4BE1F4B0-A4B4-49E8-B72D-D56BB46B2D45}"
EndProject
Project("{FAE04EC0-301F-11D3-BF4B-00C04F79EFBC}") = "SCHOOL.DATA", "SCHOOL.DATA\SCHOOL.DATA.csproj", "{BEB7BFCF-2F23-4F89-9D77-A8A3C0218023}"
EndProject
Project("{FAE04EC0-301F-11D3-BF4B-00C04F79EFBC}") = "SCHOOL.SERVICES", "SCHOOL.SERVICES\SCHOOL.SERVICES.csproj", "{60A92EFA-03BB-4B22-BFF2-08D96A9C24DD}"
EndProject
Project("{FAE04EC0-301F-11D3-BF4B-00C04F79EFBC}") = "SCHOOL.FACADE", "SCHOOL.FACADE\SCHOOL.FACADE.csproj", "{0B851B69-5B09-4D58-A0D1-14B694BE5178}"
EndProject
Project("{FAE04EC0-301F-11D3-BF4B-00C04F79EFBC}") = "SCHOOL.DTOs", "SCHOOL.DTOs\SCHOOL.DTOs.csproj", "{F9E50C47-E354-421E-B8CF-148614D8C4B2}"
EndProject
Project("{FAE04EC0-301F-11D3-BF4B-00C04F79EFBC}") = "SCHOOL.MAP", "SCHOOL.MAP\SCHOOL.MAP.csproj", "{211743C9-468A-4E02-821D-492BBE209BB8}"
EndProject
Global
	GlobalSection(SolutionConfigurationPlatforms) = preSolution
		Debug|Any CPU = Debug|Any CPU
		Release|Any CPU = Release|Any CPU
	EndGlobalSection
	GlobalSection(ProjectConfigurationPlatforms) = postSolution
		{744E446D-E667-43A4-BF47-D1C61E1D06A7}.Debug|Any CPU.ActiveCfg = Debug|Any CPU
		{744E446D-E667-43A4-BF47-D1C61E1D06A7}.Debug|Any CPU.Build.0 = Debug|Any CPU
		{744E446D-E667-43A4-BF47-D1C61E1D06A7}.Release|Any CPU.ActiveCfg = Release|Any CPU
		{744E446D-E667-43A4-BF47-D1C61E1D06A7}.Release|Any CPU.Build.0 = Release|Any CPU
		{BEB7BFCF-2F23-4F89-9D77-A8A3C0218023}.Debug|Any CPU.ActiveCfg = Debug|Any CPU
		{BEB7BFCF-2F23-4F89-9D77-A8A3C0218023}.Debug|Any CPU.Build.0 = Debug|Any CPU
		{BEB7BFCF-2F23-4F89-9D77-A8A3C0218023}.Release|Any CPU.ActiveCfg = Release|Any CPU
		{BEB7BFCF-2F23-4F89-9D77-A8A3C0218023}.Release|Any CPU.Build.0 = Release|Any CPU
		{60A92EFA-03BB-4B22-BFF2-08D96A9C24DD}.Debug|Any CPU.ActiveCfg = Debug|Any CPU
		{60A92EFA-03BB-4B22-BFF2-08D96A9C24DD}.Debug|Any CPU.Build.0 = Debug|Any CPU
		{60A92EFA-03BB-4B22-BFF2-08D96A9C24DD}.Release|Any CPU.ActiveCfg = Release|Any CPU
		{60A92EFA-03BB-4B22-BFF2-08D96A9C24DD}.Release|Any CPU.Build.0 = Release|Any CPU
		{0B851B69-5B09-4D58-A0D1-14B694BE5178}.Debug|Any CPU.ActiveCfg = Debug|Any CPU
		{0B851B69-5B09-4D58-A0D1-14B694BE5178}.Debug|Any CPU.Build.0 = Debug|Any CPU
		{0B851B69-5B09-4D58-A0D1-14B694BE5178}.Release|Any CPU.ActiveCfg = Release|Any CPU
		{0B851B69-5B09-4D58-A0D1-14B694BE5178}.Release|Any CPU.Build.0 = Release|Any CPU
		{F9E50C47-E354-421E-B8CF-148614D8C4B2}.Debug|Any CPU.ActiveCfg = Debug|Any CPU
		{F9E50C47-E354-421E-B8CF-148614D8C4B2}.Debug|Any CPU.Build.0 = Debug|Any CPU
		{F9E50C47-E354-421E-B8CF-148614D8C4B2}.Release|Any CPU.ActiveCfg = Release|Any CPU
		{F9E50C47-E354-421E-B8CF-148614D8C4B2}.Release|Any CPU.Build.0 = Release|Any CPU
		{211743C9-468A-4E02-821D-492BBE209BB8}.Debug|Any CPU.ActiveCfg = Debug|Any CPU
		{211743C9-468A-4E02-821D-492BBE209BB8}.Debug|Any CPU.Build.0 = Debug|Any CPU
		{211743C9-468A-4E02-821D-492BBE209BB8}.Release|Any CPU.ActiveCfg = Release|Any CPU
		{211743C9-468A-4E02-821D-492BBE209BB8}.Release|Any CPU.Build.0 = Release|Any CPU
	EndGlobalSection
	GlobalSection(SolutionProperties) = preSolution
		HideSolutionNode = FALSE
	EndGlobalSection
	GlobalSection(NestedProjects) = preSolution
		{744E446D-E667-43A4-BF47-D1C61E1D06A7} = {16B70F0E-3C84-4114-ADD3-588BBF761623}
		{BEB7BFCF-2F23-4F89-9D77-A8A3C0218023} = {D51251A7-5B4D-4E02-BC5B-0BD2FAED71F4}
		{60A92EFA-03BB-4B22-BFF2-08D96A9C24DD} = {F6C4420B-0196-42FC-82EC-F24E69AAB0D4}
		{0B851B69-5B09-4D58-A0D1-14B694BE5178} = {F6C4420B-0196-42FC-82EC-F24E69AAB0D4}
		{F9E50C47-E354-421E-B8CF-148614D8C4B2} = {4BE1F4B0-A4B4-49E8-B72D-D56BB46B2D45}
		{211743C9-468A-4E02-821D-492BBE209BB8} = {4BE1F4B0-A4B4-49E8-B72D-D56BB46B2D45}
	EndGlobalSection
	GlobalSection(ExtensibilityGlobals) = postSolution
		SolutionGuid = {249D22F1-8402-4A23-9CA1-8978FF98B364}
	EndGlobalSection
EndGlobal
